// !$*UTF8*$!
{
	archiveVersion = 1;
	classes = {
	};
	objectVersion = 77;
	objects = {

/* Begin PBXBuildFile section */
		F0708A542DCC6D2600E3EE1E /* .gitignore in Resources */ = {isa = PBXBuildFile; fileRef = F0708A532DCC6D2600E3EE1E /* .gitignore */; };
		F0708A562DCC6EB600E3EE1E /* GoogleService-Info.plist in Resources */ = {isa = PBXBuildFile; fileRef = F0708A552DCC6EB600E3EE1E /* GoogleService-Info.plist */; };
		F0708A592DCC6FB600E3EE1E /* Inject in Frameworks */ = {isa = PBXBuildFile; productRef = F0708A582DCC6FB600E3EE1E /* Inject */; };
		F0708A5C2DCC709200E3EE1E /* FirebaseCore in Frameworks */ = {isa = PBXBuildFile; productRef = F0708A5B2DCC709200E3EE1E /* FirebaseCore */; };
		F0708A5E2DCC709200E3EE1E /* FirebaseStorage in Frameworks */ = {isa = PBXBuildFile; productRef = F0708A5D2DCC709200E3EE1E /* FirebaseStorage */; };
		F0EC24C12DCFC781001511FA /* FirebaseAuth in Frameworks */ = {isa = PBXBuildFile; productRef = F0EC24C02DCFC781001511FA /* FirebaseAuth */; };
		F0EC24CB2DCFD150001511FA /* FirebaseFirestore in Frameworks */ = {isa = PBXBuildFile; productRef = F0EC24CA2DCFD150001511FA /* FirebaseFirestore */; };
/* End PBXBuildFile section */

/* Begin PBXContainerItemProxy section */
		F0708A0B2DCC6ADF00E3EE1E /* PBXContainerItemProxy */ = {
			isa = PBXContainerItemProxy;
			containerPortal = F07089F52DCC6ADD00E3EE1E /* Project object */;
			proxyType = 1;
			remoteGlobalIDString = F07089FC2DCC6ADE00E3EE1E;
			remoteInfo = Whisper;
		};
		F0708A152DCC6ADF00E3EE1E /* PBXContainerItemProxy */ = {
			isa = PBXContainerItemProxy;
			containerPortal = F07089F52DCC6ADD00E3EE1E /* Project object */;
			proxyType = 1;
			remoteGlobalIDString = F07089FC2DCC6ADE00E3EE1E;
			remoteInfo = Whisper;
		};
/* End PBXContainerItemProxy section */

/* Begin PBXFileReference section */
		F07089FD2DCC6ADE00E3EE1E /* Whisper.app */ = {isa = PBXFileReference; explicitFileType = wrapper.application; includeInIndex = 0; path = Whisper.app; sourceTree = BUILT_PRODUCTS_DIR; };
		F0708A0A2DCC6ADF00E3EE1E /* WhisperTests.xctest */ = {isa = PBXFileReference; explicitFileType = wrapper.cfbundle; includeInIndex = 0; path = WhisperTests.xctest; sourceTree = BUILT_PRODUCTS_DIR; };
		F0708A142DCC6ADF00E3EE1E /* WhisperUITests.xctest */ = {isa = PBXFileReference; explicitFileType = wrapper.cfbundle; includeInIndex = 0; path = WhisperUITests.xctest; sourceTree = BUILT_PRODUCTS_DIR; };
		F0708A532DCC6D2600E3EE1E /* .gitignore */ = {isa = PBXFileReference; lastKnownFileType = text; path = .gitignore; sourceTree = "<group>"; };
		F0708A552DCC6EB600E3EE1E /* GoogleService-Info.plist */ = {isa = PBXFileReference; lastKnownFileType = text.plist.xml; path = "GoogleService-Info.plist"; sourceTree = "<group>"; };
/* End PBXFileReference section */

/* Begin PBXFileSystemSynchronizedRootGroup section */
		F07089FF2DCC6ADE00E3EE1E /* Whisper */ = {
			isa = PBXFileSystemSynchronizedRootGroup;
			path = Whisper;
			sourceTree = "<group>";
		};
		F0708A0D2DCC6ADF00E3EE1E /* WhisperTests */ = {
			isa = PBXFileSystemSynchronizedRootGroup;
			path = WhisperTests;
			sourceTree = "<group>";
		};
		F0708A172DCC6ADF00E3EE1E /* WhisperUITests */ = {
			isa = PBXFileSystemSynchronizedRootGroup;
			path = WhisperUITests;
			sourceTree = "<group>";
		};
/* End PBXFileSystemSynchronizedRootGroup section */

/* Begin PBXFrameworksBuildPhase section */
		F07089FA2DCC6ADE00E3EE1E /* Frameworks */ = {
			isa = PBXFrameworksBuildPhase;
			buildActionMask = 2147483647;
			files = (
				F0708A5C2DCC709200E3EE1E /* FirebaseCore in Frameworks */,
				F0708A592DCC6FB600E3EE1E /* Inject in Frameworks */,
				F0708A5E2DCC709200E3EE1E /* FirebaseStorage in Frameworks */,
				F0EC24CB2DCFD150001511FA /* FirebaseFirestore in Frameworks */,
				F0EC24C12DCFC781001511FA /* FirebaseAuth in Frameworks */,
			);
			runOnlyForDeploymentPostprocessing = 0;
		};
		F0708A072DCC6ADF00E3EE1E /* Frameworks */ = {
			isa = PBXFrameworksBuildPhase;
			buildActionMask = 2147483647;
			files = (
			);
			runOnlyForDeploymentPostprocessing = 0;
		};
		F0708A112DCC6ADF00E3EE1E /* Frameworks */ = {
			isa = PBXFrameworksBuildPhase;
			buildActionMask = 2147483647;
			files = (
			);
			runOnlyForDeploymentPostprocessing = 0;
		};
/* End PBXFrameworksBuildPhase section */

/* Begin PBXGroup section */
		F07089F42DCC6ADD00E3EE1E = {
			isa = PBXGroup;
			children = (
				F0708A552DCC6EB600E3EE1E /* GoogleService-Info.plist */,
				F0708A532DCC6D2600E3EE1E /* .gitignore */,
				F07089FF2DCC6ADE00E3EE1E /* Whisper */,
				F0708A0D2DCC6ADF00E3EE1E /* WhisperTests */,
				F0708A172DCC6ADF00E3EE1E /* WhisperUITests */,
				F0EC24BF2DCFC781001511FA /* Frameworks */,
				F07089FE2DCC6ADE00E3EE1E /* Products */,
			);
			sourceTree = "<group>";
		};
		F07089FE2DCC6ADE00E3EE1E /* Products */ = {
			isa = PBXGroup;
			children = (
				F07089FD2DCC6ADE00E3EE1E /* Whisper.app */,
				F0708A0A2DCC6ADF00E3EE1E /* WhisperTests.xctest */,
				F0708A142DCC6ADF00E3EE1E /* WhisperUITests.xctest */,
			);
			name = Products;
			sourceTree = "<group>";
		};
		F0EC24BF2DCFC781001511FA /* Frameworks */ = {
			isa = PBXGroup;
			children = (
			);
			name = Frameworks;
			sourceTree = "<group>";
		};
/* End PBXGroup section */

/* Begin PBXNativeTarget section */
		F07089FC2DCC6ADE00E3EE1E /* Whisper */ = {
			isa = PBXNativeTarget;
			buildConfigurationList = F0708A1E2DCC6ADF00E3EE1E /* Build configuration list for PBXNativeTarget "Whisper" */;
			buildPhases = (
				F07089F92DCC6ADE00E3EE1E /* Sources */,
				F07089FA2DCC6ADE00E3EE1E /* Frameworks */,
				F07089FB2DCC6ADE00E3EE1E /* Resources */,
			);
			buildRules = (
			);
			dependencies = (
			);
			fileSystemSynchronizedGroups = (
				F07089FF2DCC6ADE00E3EE1E /* Whisper */,
			);
			name = Whisper;
			packageProductDependencies = (
				F0708A582DCC6FB600E3EE1E /* Inject */,
				F0708A5B2DCC709200E3EE1E /* FirebaseCore */,
				F0708A5D2DCC709200E3EE1E /* FirebaseStorage */,
				F0EC24C02DCFC781001511FA /* FirebaseAuth */,
				F0EC24CA2DCFD150001511FA /* FirebaseFirestore */,
			);
			productName = Whisper;
			productReference = F07089FD2DCC6ADE00E3EE1E /* Whisper.app */;
			productType = "com.apple.product-type.application";
		};
		F0708A092DCC6ADF00E3EE1E /* WhisperTests */ = {
			isa = PBXNativeTarget;
			buildConfigurationList = F0708A212DCC6ADF00E3EE1E /* Build configuration list for PBXNativeTarget "WhisperTests" */;
			buildPhases = (
				F0708A062DCC6ADF00E3EE1E /* Sources */,
				F0708A072DCC6ADF00E3EE1E /* Frameworks */,
				F0708A082DCC6ADF00E3EE1E /* Resources */,
			);
			buildRules = (
			);
			dependencies = (
				F0708A0C2DCC6ADF00E3EE1E /* PBXTargetDependency */,
			);
			fileSystemSynchronizedGroups = (
				F0708A0D2DCC6ADF00E3EE1E /* WhisperTests */,
			);
			name = WhisperTests;
			packageProductDependencies = (
			);
			productName = WhisperTests;
			productReference = F0708A0A2DCC6ADF00E3EE1E /* WhisperTests.xctest */;
			productType = "com.apple.product-type.bundle.unit-test";
		};
		F0708A132DCC6ADF00E3EE1E /* WhisperUITests */ = {
			isa = PBXNativeTarget;
			buildConfigurationList = F0708A242DCC6ADF00E3EE1E /* Build configuration list for PBXNativeTarget "WhisperUITests" */;
			buildPhases = (
				F0708A102DCC6ADF00E3EE1E /* Sources */,
				F0708A112DCC6ADF00E3EE1E /* Frameworks */,
				F0708A122DCC6ADF00E3EE1E /* Resources */,
			);
			buildRules = (
			);
			dependencies = (
				F0708A162DCC6ADF00E3EE1E /* PBXTargetDependency */,
			);
			fileSystemSynchronizedGroups = (
				F0708A172DCC6ADF00E3EE1E /* WhisperUITests */,
			);
			name = WhisperUITests;
			packageProductDependencies = (
			);
			productName = WhisperUITests;
			productReference = F0708A142DCC6ADF00E3EE1E /* WhisperUITests.xctest */;
			productType = "com.apple.product-type.bundle.ui-testing";
		};
/* End PBXNativeTarget section */

/* Begin PBXProject section */
		F07089F52DCC6ADD00E3EE1E /* Project object */ = {
			isa = PBXProject;
			attributes = {
				BuildIndependentTargetsInParallel = 1;
				LastSwiftUpdateCheck = 1630;
				LastUpgradeCheck = 1630;
				TargetAttributes = {
					F07089FC2DCC6ADE00E3EE1E = {
						CreatedOnToolsVersion = 16.3;
						LastSwiftMigration = 1630;
					};
					F0708A092DCC6ADF00E3EE1E = {
						CreatedOnToolsVersion = 16.3;
						TestTargetID = F07089FC2DCC6ADE00E3EE1E;
					};
					F0708A132DCC6ADF00E3EE1E = {
						CreatedOnToolsVersion = 16.3;
						TestTargetID = F07089FC2DCC6ADE00E3EE1E;
					};
				};
			};
			buildConfigurationList = F07089F82DCC6ADD00E3EE1E /* Build configuration list for PBXProject "Whisper" */;
			developmentRegion = en;
			hasScannedForEncodings = 0;
			knownRegions = (
				en,
				Base,
			);
			mainGroup = F07089F42DCC6ADD00E3EE1E;
			minimizedProjectReferenceProxies = 1;
			packageReferences = (
				F0708A572DCC6FB600E3EE1E /* XCRemoteSwiftPackageReference "Inject" */,
				F0708A5A2DCC709200E3EE1E /* XCRemoteSwiftPackageReference "firebase-ios-sdk" */,
			);
			preferredProjectObjectVersion = 77;
			productRefGroup = F07089FE2DCC6ADE00E3EE1E /* Products */;
			projectDirPath = "";
			projectRoot = "";
			targets = (
				F07089FC2DCC6ADE00E3EE1E /* Whisper */,
				F0708A092DCC6ADF00E3EE1E /* WhisperTests */,
				F0708A132DCC6ADF00E3EE1E /* WhisperUITests */,
			);
		};
/* End PBXProject section */

/* Begin PBXResourcesBuildPhase section */
		F07089FB2DCC6ADE00E3EE1E /* Resources */ = {
			isa = PBXResourcesBuildPhase;
			buildActionMask = 2147483647;
			files = (
				F0708A542DCC6D2600E3EE1E /* .gitignore in Resources */,
				F0708A562DCC6EB600E3EE1E /* GoogleService-Info.plist in Resources */,
			);
			runOnlyForDeploymentPostprocessing = 0;
		};
		F0708A082DCC6ADF00E3EE1E /* Resources */ = {
			isa = PBXResourcesBuildPhase;
			buildActionMask = 2147483647;
			files = (
			);
			runOnlyForDeploymentPostprocessing = 0;
		};
		F0708A122DCC6ADF00E3EE1E /* Resources */ = {
			isa = PBXResourcesBuildPhase;
			buildActionMask = 2147483647;
			files = (
			);
			runOnlyForDeploymentPostprocessing = 0;
		};
/* End PBXResourcesBuildPhase section */

/* Begin PBXSourcesBuildPhase section */
		F07089F92DCC6ADE00E3EE1E /* Sources */ = {
			isa = PBXSourcesBuildPhase;
			buildActionMask = 2147483647;
			files = (
			);
			runOnlyForDeploymentPostprocessing = 0;
		};
		F0708A062DCC6ADF00E3EE1E /* Sources */ = {
			isa = PBXSourcesBuildPhase;
			buildActionMask = 2147483647;
			files = (
			);
			runOnlyForDeploymentPostprocessing = 0;
		};
		F0708A102DCC6ADF00E3EE1E /* Sources */ = {
			isa = PBXSourcesBuildPhase;
			buildActionMask = 2147483647;
			files = (
			);
			runOnlyForDeploymentPostprocessing = 0;
		};
/* End PBXSourcesBuildPhase section */

/* Begin PBXTargetDependency section */
		F0708A0C2DCC6ADF00E3EE1E /* PBXTargetDependency */ = {
			isa = PBXTargetDependency;
			target = F07089FC2DCC6ADE00E3EE1E /* Whisper */;
			targetProxy = F0708A0B2DCC6ADF00E3EE1E /* PBXContainerItemProxy */;
		};
		F0708A162DCC6ADF00E3EE1E /* PBXTargetDependency */ = {
			isa = PBXTargetDependency;
			target = F07089FC2DCC6ADE00E3EE1E /* Whisper */;
			targetProxy = F0708A152DCC6ADF00E3EE1E /* PBXContainerItemProxy */;
		};
/* End PBXTargetDependency section */

/* Begin XCBuildConfiguration section */
		F0708A1C2DCC6ADF00E3EE1E /* Debug */ = {
			isa = XCBuildConfiguration;
			buildSettings = {
				ALWAYS_SEARCH_USER_PATHS = NO;
				ASSETCATALOG_COMPILER_GENERATE_SWIFT_ASSET_SYMBOL_EXTENSIONS = YES;
				CLANG_ANALYZER_NONNULL = YES;
				CLANG_ANALYZER_NUMBER_OBJECT_CONVERSION = YES_AGGRESSIVE;
				CLANG_CXX_LANGUAGE_STANDARD = "gnu++20";
				CLANG_ENABLE_MODULES = YES;
				CLANG_ENABLE_OBJC_ARC = YES;
				CLANG_ENABLE_OBJC_WEAK = YES;
				CLANG_WARN_BLOCK_CAPTURE_AUTORELEASING = YES;
				CLANG_WARN_BOOL_CONVERSION = YES;
				CLANG_WARN_COMMA = YES;
				CLANG_WARN_CONSTANT_CONVERSION = YES;
				CLANG_WARN_DEPRECATED_OBJC_IMPLEMENTATIONS = YES;
				CLANG_WARN_DIRECT_OBJC_ISA_USAGE = YES_ERROR;
				CLANG_WARN_DOCUMENTATION_COMMENTS = YES;
				CLANG_WARN_EMPTY_BODY = YES;
				CLANG_WARN_ENUM_CONVERSION = YES;
				CLANG_WARN_INFINITE_RECURSION = YES;
				CLANG_WARN_INT_CONVERSION = YES;
				CLANG_WARN_NON_LITERAL_NULL_CONVERSION = YES;
				CLANG_WARN_OBJC_IMPLICIT_RETAIN_SELF = YES;
				CLANG_WARN_OBJC_LITERAL_CONVERSION = YES;
				CLANG_WARN_OBJC_ROOT_CLASS = YES_ERROR;
				CLANG_WARN_QUOTED_INCLUDE_IN_FRAMEWORK_HEADER = YES;
				CLANG_WARN_RANGE_LOOP_ANALYSIS = YES;
				CLANG_WARN_STRICT_PROTOTYPES = YES;
				CLANG_WARN_SUSPICIOUS_MOVE = YES;
				CLANG_WARN_UNGUARDED_AVAILABILITY = YES_AGGRESSIVE;
				CLANG_WARN_UNREACHABLE_CODE = YES;
				CLANG_WARN__DUPLICATE_METHOD_MATCH = YES;
				COPY_PHASE_STRIP = NO;
				DEBUG_INFORMATION_FORMAT = dwarf;
				DEVELOPMENT_TEAM = U4CWN7MP9P;
				ENABLE_STRICT_OBJC_MSGSEND = YES;
				ENABLE_TESTABILITY = YES;
				ENABLE_USER_SCRIPT_SANDBOXING = YES;
				FirebaseAppDelegateProxyEnabled = NO;
				GCC_C_LANGUAGE_STANDARD = gnu17;
				GCC_DYNAMIC_NO_PIC = NO;
				GCC_NO_COMMON_BLOCKS = YES;
				GCC_OPTIMIZATION_LEVEL = 0;
				GCC_PREPROCESSOR_DEFINITIONS = (
					"DEBUG=1",
					"$(inherited)",
				);
				GCC_WARN_64_TO_32_BIT_CONVERSION = YES;
				GCC_WARN_ABOUT_RETURN_TYPE = YES_ERROR;
				GCC_WARN_UNDECLARED_SELECTOR = YES;
				GCC_WARN_UNINITIALIZED_AUTOS = YES_AGGRESSIVE;
				GCC_WARN_UNUSED_FUNCTION = YES;
				GCC_WARN_UNUSED_VARIABLE = YES;
				IPHONEOS_DEPLOYMENT_TARGET = 18.4;
				LOCALIZATION_PREFERS_STRING_CATALOGS = YES;
				MTL_ENABLE_DEBUG_INFO = INCLUDE_SOURCE;
				MTL_FAST_MATH = YES;
				ONLY_ACTIVE_ARCH = YES;
				SDKROOT = iphoneos;
				SWIFT_ACTIVE_COMPILATION_CONDITIONS = "DEBUG $(inherited)";
				SWIFT_OPTIMIZATION_LEVEL = "-Onone";
			};
			name = Debug;
		};
		F0708A1D2DCC6ADF00E3EE1E /* Release */ = {
			isa = XCBuildConfiguration;
			buildSettings = {
				ALWAYS_SEARCH_USER_PATHS = NO;
				ASSETCATALOG_COMPILER_GENERATE_SWIFT_ASSET_SYMBOL_EXTENSIONS = YES;
				CLANG_ANALYZER_NONNULL = YES;
				CLANG_ANALYZER_NUMBER_OBJECT_CONVERSION = YES_AGGRESSIVE;
				CLANG_CXX_LANGUAGE_STANDARD = "gnu++20";
				CLANG_ENABLE_MODULES = YES;
				CLANG_ENABLE_OBJC_ARC = YES;
				CLANG_ENABLE_OBJC_WEAK = YES;
				CLANG_WARN_BLOCK_CAPTURE_AUTORELEASING = YES;
				CLANG_WARN_BOOL_CONVERSION = YES;
				CLANG_WARN_COMMA = YES;
				CLANG_WARN_CONSTANT_CONVERSION = YES;
				CLANG_WARN_DEPRECATED_OBJC_IMPLEMENTATIONS = YES;
				CLANG_WARN_DIRECT_OBJC_ISA_USAGE = YES_ERROR;
				CLANG_WARN_DOCUMENTATION_COMMENTS = YES;
				CLANG_WARN_EMPTY_BODY = YES;
				CLANG_WARN_ENUM_CONVERSION = YES;
				CLANG_WARN_INFINITE_RECURSION = YES;
				CLANG_WARN_INT_CONVERSION = YES;
				CLANG_WARN_NON_LITERAL_NULL_CONVERSION = YES;
				CLANG_WARN_OBJC_IMPLICIT_RETAIN_SELF = YES;
				CLANG_WARN_OBJC_LITERAL_CONVERSION = YES;
				CLANG_WARN_OBJC_ROOT_CLASS = YES_ERROR;
				CLANG_WARN_QUOTED_INCLUDE_IN_FRAMEWORK_HEADER = YES;
				CLANG_WARN_RANGE_LOOP_ANALYSIS = YES;
				CLANG_WARN_STRICT_PROTOTYPES = YES;
				CLANG_WARN_SUSPICIOUS_MOVE = YES;
				CLANG_WARN_UNGUARDED_AVAILABILITY = YES_AGGRESSIVE;
				CLANG_WARN_UNREACHABLE_CODE = YES;
				CLANG_WARN__DUPLICATE_METHOD_MATCH = YES;
				COPY_PHASE_STRIP = NO;
				DEBUG_INFORMATION_FORMAT = "dwarf-with-dsym";
				DEVELOPMENT_TEAM = U4CWN7MP9P;
				ENABLE_NS_ASSERTIONS = NO;
				ENABLE_STRICT_OBJC_MSGSEND = YES;
				ENABLE_USER_SCRIPT_SANDBOXING = YES;
				FirebaseAppDelegateProxyEnabled = NO;
				GCC_C_LANGUAGE_STANDARD = gnu17;
				GCC_NO_COMMON_BLOCKS = YES;
				GCC_WARN_64_TO_32_BIT_CONVERSION = YES;
				GCC_WARN_ABOUT_RETURN_TYPE = YES_ERROR;
				GCC_WARN_UNDECLARED_SELECTOR = YES;
				GCC_WARN_UNINITIALIZED_AUTOS = YES_AGGRESSIVE;
				GCC_WARN_UNUSED_FUNCTION = YES;
				GCC_WARN_UNUSED_VARIABLE = YES;
				IPHONEOS_DEPLOYMENT_TARGET = 18.4;
				LOCALIZATION_PREFERS_STRING_CATALOGS = YES;
				MTL_ENABLE_DEBUG_INFO = NO;
				MTL_FAST_MATH = YES;
				SDKROOT = iphoneos;
				SWIFT_COMPILATION_MODE = wholemodule;
				VALIDATE_PRODUCT = YES;
			};
			name = Release;
		};
		F0708A1F2DCC6ADF00E3EE1E /* Debug */ = {
			isa = XCBuildConfiguration;
			buildSettings = {
				ASSETCATALOG_COMPILER_APPICON_NAME = AppIcon;
				ASSETCATALOG_COMPILER_GLOBAL_ACCENT_COLOR_NAME = AccentColor;
				CLANG_ENABLE_MODULES = YES;
				CODE_SIGN_STYLE = Automatic;
				CURRENT_PROJECT_VERSION = 1;
				DEVELOPMENT_TEAM = U4CWN7MP9P;
				ENABLE_PREVIEWS = YES;
				ENABLE_RESOURCE_ACCESS_AUDIO_INPUT = YES;
				GENERATE_INFOPLIST_FILE = YES;
				INFOPLIST_KEY_NSMicrophoneUsageDescription = "Click Yes!!!";
				INFOPLIST_KEY_NSSpeechRecognitionUsageDescription = "Your Speech will be used to only offer you a highly visual experience";
				INFOPLIST_KEY_UIApplicationSceneManifest_Generation = YES;
				INFOPLIST_KEY_UIApplicationSupportsIndirectInputEvents = YES;
				INFOPLIST_KEY_UILaunchScreen_Generation = YES;
				INFOPLIST_KEY_UISupportedInterfaceOrientations_iPad = "UIInterfaceOrientationPortrait UIInterfaceOrientationPortraitUpsideDown UIInterfaceOrientationLandscapeLeft UIInterfaceOrientationLandscapeRight";
				INFOPLIST_KEY_UISupportedInterfaceOrientations_iPhone = "UIInterfaceOrientationPortrait UIInterfaceOrientationLandscapeLeft UIInterfaceOrientationLandscapeRight";
				IPHONEOS_DEPLOYMENT_TARGET = 16.6;
				LD_RUNPATH_SEARCH_PATHS = (
					"$(inherited)",
					"@executable_path/Frameworks",
				);
				MARKETING_VERSION = 1.0;
				PRODUCT_BUNDLE_IDENTIFIER = "Nathan16.Walkie-Talkie";
				PRODUCT_NAME = "$(TARGET_NAME)";
				SWIFT_EMIT_LOC_STRINGS = YES;
				SWIFT_OBJC_BRIDGING_HEADER = "";
				SWIFT_OPTIMIZATION_LEVEL = "-Onone";
				SWIFT_VERSION = 5.0;
				TARGETED_DEVICE_FAMILY = "1,2";
			};
			name = Debug;
		};
		F0708A202DCC6ADF00E3EE1E /* Release */ = {
			isa = XCBuildConfiguration;
			buildSettings = {
				ASSETCATALOG_COMPILER_APPICON_NAME = AppIcon;
				ASSETCATALOG_COMPILER_GLOBAL_ACCENT_COLOR_NAME = AccentColor;
				CLANG_ENABLE_MODULES = YES;
				CODE_SIGN_STYLE = Automatic;
				CURRENT_PROJECT_VERSION = 1;
				DEVELOPMENT_TEAM = U4CWN7MP9P;
				ENABLE_PREVIEWS = YES;
				ENABLE_RESOURCE_ACCESS_AUDIO_INPUT = YES;
				GENERATE_INFOPLIST_FILE = YES;
				INFOPLIST_KEY_NSMicrophoneUsageDescription = "Click Yes!!!";
				INFOPLIST_KEY_NSSpeechRecognitionUsageDescription = "Your Speech will be used to only offer you a highly visual experience";
				INFOPLIST_KEY_UIApplicationSceneManifest_Generation = YES;
				INFOPLIST_KEY_UIApplicationSupportsIndirectInputEvents = YES;
				INFOPLIST_KEY_UILaunchScreen_Generation = YES;
				INFOPLIST_KEY_UISupportedInterfaceOrientations_iPad = "UIInterfaceOrientationPortrait UIInterfaceOrientationPortraitUpsideDown UIInterfaceOrientationLandscapeLeft UIInterfaceOrientationLandscapeRight";
				INFOPLIST_KEY_UISupportedInterfaceOrientations_iPhone = "UIInterfaceOrientationPortrait UIInterfaceOrientationLandscapeLeft UIInterfaceOrientationLandscapeRight";
				IPHONEOS_DEPLOYMENT_TARGET = 16.6;
				LD_RUNPATH_SEARCH_PATHS = (
					"$(inherited)",
					"@executable_path/Frameworks",
				);
				MARKETING_VERSION = 1.0;
				PRODUCT_BUNDLE_IDENTIFIER = "Nathan16.Walkie-Talkie";
				PRODUCT_NAME = "$(TARGET_NAME)";
				SWIFT_EMIT_LOC_STRINGS = YES;
				SWIFT_OBJC_BRIDGING_HEADER = "";
				SWIFT_VERSION = 5.0;
				TARGETED_DEVICE_FAMILY = "1,2";
			};
			name = Release;
		};
		F0708A222DCC6ADF00E3EE1E /* Debug */ = {
			isa = XCBuildConfiguration;
			buildSettings = {
				BUNDLE_LOADER = "$(TEST_HOST)";
				CODE_SIGN_STYLE = Automatic;
				CURRENT_PROJECT_VERSION = 1;
				DEVELOPMENT_TEAM = U4CWN7MP9P;
				GENERATE_INFOPLIST_FILE = YES;
				IPHONEOS_DEPLOYMENT_TARGET = 18.4;
				MARKETING_VERSION = 1.0;
				PRODUCT_BUNDLE_IDENTIFIER = Nathan16.WhisperTests;
				PRODUCT_NAME = "$(TARGET_NAME)";
				SWIFT_EMIT_LOC_STRINGS = NO;
				SWIFT_VERSION = 5.0;
				TARGETED_DEVICE_FAMILY = "1,2";
				TEST_HOST = "$(BUILT_PRODUCTS_DIR)/Whisper.app/$(BUNDLE_EXECUTABLE_FOLDER_PATH)/Whisper";
			};
			name = Debug;
		};
		F0708A232DCC6ADF00E3EE1E /* Release */ = {
			isa = XCBuildConfiguration;
			buildSettings = {
				BUNDLE_LOADER = "$(TEST_HOST)";
				CODE_SIGN_STYLE = Automatic;
				CURRENT_PROJECT_VERSION = 1;
				DEVELOPMENT_TEAM = U4CWN7MP9P;
				GENERATE_INFOPLIST_FILE = YES;
				IPHONEOS_DEPLOYMENT_TARGET = 18.4;
				MARKETING_VERSION = 1.0;
				PRODUCT_BUNDLE_IDENTIFIER = Nathan16.WhisperTests;
				PRODUCT_NAME = "$(TARGET_NAME)";
				SWIFT_EMIT_LOC_STRINGS = NO;
				SWIFT_VERSION = 5.0;
				TARGETED_DEVICE_FAMILY = "1,2";
				TEST_HOST = "$(BUILT_PRODUCTS_DIR)/Whisper.app/$(BUNDLE_EXECUTABLE_FOLDER_PATH)/Whisper";
			};
			name = Release;
		};
		F0708A252DCC6ADF00E3EE1E /* Debug */ = {
			isa = XCBuildConfiguration;
			buildSettings = {
				CODE_SIGN_STYLE = Automatic;
				CURRENT_PROJECT_VERSION = 1;
				DEVELOPMENT_TEAM = U4CWN7MP9P;
				GENERATE_INFOPLIST_FILE = YES;
				MARKETING_VERSION = 1.0;
				PRODUCT_BUNDLE_IDENTIFIER = Nathan16.WhisperUITests;
				PRODUCT_NAME = "$(TARGET_NAME)";
				SWIFT_EMIT_LOC_STRINGS = NO;
				SWIFT_VERSION = 5.0;
				TARGETED_DEVICE_FAMILY = "1,2";
				TEST_TARGET_NAME = Whisper;
			};
			name = Debug;
		};
		F0708A262DCC6ADF00E3EE1E /* Release */ = {
			isa = XCBuildConfiguration;
			buildSettings = {
				CODE_SIGN_STYLE = Automatic;
				CURRENT_PROJECT_VERSION = 1;
				DEVELOPMENT_TEAM = U4CWN7MP9P;
				GENERATE_INFOPLIST_FILE = YES;
				MARKETING_VERSION = 1.0;
				PRODUCT_BUNDLE_IDENTIFIER = Nathan16.WhisperUITests;
				PRODUCT_NAME = "$(TARGET_NAME)";
				SWIFT_EMIT_LOC_STRINGS = NO;
				SWIFT_VERSION = 5.0;
				TARGETED_DEVICE_FAMILY = "1,2";
				TEST_TARGET_NAME = Whisper;
			};
			name = Release;
		};
/* End XCBuildConfiguration section */

/* Begin XCConfigurationList section */
		F07089F82DCC6ADD00E3EE1E /* Build configuration list for PBXProject "Whisper" */ = {
			isa = XCConfigurationList;
			buildConfigurations = (
				F0708A1C2DCC6ADF00E3EE1E /* Debug */,
				F0708A1D2DCC6ADF00E3EE1E /* Release */,
			);
			defaultConfigurationIsVisible = 0;
			defaultConfigurationName = Release;
		};
		F0708A1E2DCC6ADF00E3EE1E /* Build configuration list for PBXNativeTarget "Whisper" */ = {
			isa = XCConfigurationList;
			buildConfigurations = (
				F0708A1F2DCC6ADF00E3EE1E /* Debug */,
				F0708A202DCC6ADF00E3EE1E /* Release */,
			);
			defaultConfigurationIsVisible = 0;
			defaultConfigurationName = Release;
		};
		F0708A212DCC6ADF00E3EE1E /* Build configuration list for PBXNativeTarget "WhisperTests" */ = {
			isa = XCConfigurationList;
			buildConfigurations = (
				F0708A222DCC6ADF00E3EE1E /* Debug */,
				F0708A232DCC6ADF00E3EE1E /* Release */,
			);
			defaultConfigurationIsVisible = 0;
			defaultConfigurationName = Release;
		};
		F0708A242DCC6ADF00E3EE1E /* Build configuration list for PBXNativeTarget "WhisperUITests" */ = {
			isa = XCConfigurationList;
			buildConfigurations = (
				F0708A252DCC6ADF00E3EE1E /* Debug */,
				F0708A262DCC6ADF00E3EE1E /* Release */,
			);
			defaultConfigurationIsVisible = 0;
			defaultConfigurationName = Release;
		};
/* End XCConfigurationList section */

/* Begin XCRemoteSwiftPackageReference section */
		F0708A572DCC6FB600E3EE1E /* XCRemoteSwiftPackageReference "Inject" */ = {
			isa = XCRemoteSwiftPackageReference;
			repositoryURL = "https://github.com/krzysztofzablocki/Inject.git";
			requirement = {
				kind = upToNextMajorVersion;
				minimumVersion = 1.5.2;
			};
		};
		F0708A5A2DCC709200E3EE1E /* XCRemoteSwiftPackageReference "firebase-ios-sdk" */ = {
			isa = XCRemoteSwiftPackageReference;
			repositoryURL = "https://github.com/firebase/firebase-ios-sdk";
			requirement = {
				kind = upToNextMajorVersion;
				minimumVersion = 11.12.0;
			};
		};
/* End XCRemoteSwiftPackageReference section */

/* Begin XCSwiftPackageProductDependency section */
		F0708A582DCC6FB600E3EE1E /* Inject */ = {
			isa = XCSwiftPackageProductDependency;
			package = F0708A572DCC6FB600E3EE1E /* XCRemoteSwiftPackageReference "Inject" */;
			productName = Inject;
		};
		F0708A5B2DCC709200E3EE1E /* FirebaseCore */ = {
			isa = XCSwiftPackageProductDependency;
			package = F0708A5A2DCC709200E3EE1E /* XCRemoteSwiftPackageReference "firebase-ios-sdk" */;
			productName = FirebaseCore;
		};
		F0708A5D2DCC709200E3EE1E /* FirebaseStorage */ = {
			isa = XCSwiftPackageProductDependency;
			package = F0708A5A2DCC709200E3EE1E /* XCRemoteSwiftPackageReference "firebase-ios-sdk" */;
			productName = FirebaseStorage;
		};
		F0EC24C02DCFC781001511FA /* FirebaseAuth */ = {
			isa = XCSwiftPackageProductDependency;
			package = F0708A5A2DCC709200E3EE1E /* XCRemoteSwiftPackageReference "firebase-ios-sdk" */;
			productName = FirebaseAuth;
		};
		F0EC24CA2DCFD150001511FA /* FirebaseFirestore */ = {
			isa = XCSwiftPackageProductDependency;
			package = F0708A5A2DCC709200E3EE1E /* XCRemoteSwiftPackageReference "firebase-ios-sdk" */;
			productName = FirebaseFirestore;
		};
/* End XCSwiftPackageProductDependency section */
	};
	rootObject = F07089F52DCC6ADD00E3EE1E /* Project object */;
}
